# This file is automatically @generated by pesde.
# It is not intended for manual editing.
format = 2
name = "quixaq/meteor"
version = "0.1.0"
target = "luau"

[graph."daily3014/cryptography@3.1.1 luau"]
direct = ["cryptography", { name = "daily3014/cryptography", version = "^3.0.1", index = "default" }, "standard"]

[graph."daily3014/cryptography@3.1.1 luau".pkg_ref]
ref_ty = "pesde"
index_url = "https://github.com/pesde-pkg/index"

[graph."daily3014/cryptography@3.1.1 luau".pkg_ref.dependencies]
rojo = [{ name = "pesde/rojo", version = "^7.4.4", index = "https://github.com/pesde-pkg/index", target = "lune" }, "dev"]
scripts = [{ name = "pesde/scripts_rojo", version = "^0.1.0", index = "https://github.com/pesde-pkg/index", target = "lune" }, "dev"]
